{
    "_meta": {
        "hash": {
            "sha256": "17339b05314340e0a7f26c0aeae5a7eec6e903dee0316ea673b3d0662e4b22d0"
        },
        "pipfile-spec": 6,
        "requires": {
            "python_version": "3.7"
        },
        "sources": [
            {
                "name": "pypi",
                "url": "https://pypi.org/simple",
                "verify_ssl": true
            }
        ]
    },
    "default": {
        "74c507a": {
            "path": "./../hug"
        },
        "senseme": {
            "hashes": [
                "sha256:a2cff52c8d567aace8e14ce82fd257cc8a7bdc3e1ea3076473770372014360a3"
            ],
            "index": "pypi",
            "version": "==0.1.5"
        }
    },
    "develop": {}
}
